PODS:
  - SPTProximityKit (2.1.1-28-g85f155a)

DEPENDENCIES:
  - "SPTProximityKit (from `https://singlespot:5OpcxSLubik4@sdk.singlespot.com/cocoapods/SPTProximityKit-preprod.git`)"

EXTERNAL SOURCES:
  SPTProximityKit:
    :git: "https://singlespot:5OpcxSLubik4@sdk.singlespot.com/cocoapods/SPTProximityKit-preprod.git"

CHECKOUT OPTIONS:
  SPTProximityKit:
    :commit: c0976cf898fbfcd3ca6133b902931f944c44af5d
    :git: "https://singlespot:5OpcxSLubik4@sdk.singlespot.com/cocoapods/SPTProximityKit-preprod.git"

SPEC CHECKSUMS:
  SPTProximityKit: 8dc958bb360b9c63060ac20e1b06f247d61a8dcf

PODFILE CHECKSUM: b5a6114ea0acc9a72300e95ed757e74114ab6359

COCOAPODS: 1.5.3
